// !$*UTF8*$!
{
	archiveVersion = 1;
	classes = {
	};
	objectVersion = 46;
	objects = {

/* Begin PBXBuildFile section */
		A2437B3216477F04004358B7 /* documentation in Resources */ = {isa = PBXBuildFile; fileRef = A2437B3116477F04004358B7 /* documentation */; };
		A2619C461644C8F000FA7815 /* UIKit.framework in Frameworks */ = {isa = PBXBuildFile; fileRef = A2619C451644C8F000FA7815 /* UIKit.framework */; };
		A2619C481644C8F000FA7815 /* Foundation.framework in Frameworks */ = {isa = PBXBuildFile; fileRef = A2619C471644C8F000FA7815 /* Foundation.framework */; };
		A2619C4A1644C8F000FA7815 /* CoreGraphics.framework in Frameworks */ = {isa = PBXBuildFile; fileRef = A2619C491644C8F000FA7815 /* CoreGraphics.framework */; };
		A2619C501644C8F000FA7815 /* InfoPlist.strings in Resources */ = {isa = PBXBuildFile; fileRef = A2619C4E1644C8F000FA7815 /* InfoPlist.strings */; };
		A2619C521644C8F000FA7815 /* main.m in Sources */ = {isa = PBXBuildFile; fileRef = A2619C511644C8F000FA7815 /* main.m */; };
		A2619C561644C8F000FA7815 /* AppDelegate.m in Sources */ = {isa = PBXBuildFile; fileRef = A2619C551644C8F000FA7815 /* AppDelegate.m */; };
		A2619C581644C8F000FA7815 /* Default.png in Resources */ = {isa = PBXBuildFile; fileRef = A2619C571644C8F000FA7815 /* Default.png */; };
		A2619C5A1644C8F000FA7815 /* Default@2x.png in Resources */ = {isa = PBXBuildFile; fileRef = A2619C591644C8F000FA7815 /* Default@2x.png */; };
		A2619C5C1644C8F000FA7815 /* Default-568h@2x.png in Resources */ = {isa = PBXBuildFile; fileRef = A2619C5B1644C8F000FA7815 /* Default-568h@2x.png */; };
		A2619C5F1644C8F000FA7815 /* MainStoryboard.storyboard in Resources */ = {isa = PBXBuildFile; fileRef = A2619C5D1644C8F000FA7815 /* MainStoryboard.storyboard */; };
		A2619C621644C8F000FA7815 /* MasterViewController.m in Sources */ = {isa = PBXBuildFile; fileRef = A2619C611644C8F000FA7815 /* MasterViewController.m */; };
		A2AB0D261644C9F00010271E /* FEDialControl.m in Sources */ = {isa = PBXBuildFile; fileRef = A2AB0D221644C9F00010271E /* FEDialControl.m */; };
		A2AB0D271644C9F00010271E /* FEDialControlSection.m in Sources */ = {isa = PBXBuildFile; fileRef = A2AB0D251644C9F00010271E /* FEDialControlSection.m */; };
		A2AB0D2A1644D5440010271E /* StandardDialViewController.m in Sources */ = {isa = PBXBuildFile; fileRef = A2AB0D291644D5440010271E /* StandardDialViewController.m */; };
		A2AB0D541644D5C60010271E /* CenterButtonDown.png in Resources */ = {isa = PBXBuildFile; fileRef = A2AB0D2C1644D5C60010271E /* CenterButtonDown.png */; };
		A2AB0D551644D5C60010271E /* CenterButtonDown@2x.png in Resources */ = {isa = PBXBuildFile; fileRef = A2AB0D2D1644D5C60010271E /* CenterButtonDown@2x.png */; };
		A2AB0D561644D5C60010271E /* CenterButtonUp.png in Resources */ = {isa = PBXBuildFile; fileRef = A2AB0D2E1644D5C60010271E /* CenterButtonUp.png */; };
		A2AB0D571644D5C60010271E /* CenterButtonUp@2x.png in Resources */ = {isa = PBXBuildFile; fileRef = A2AB0D2F1644D5C60010271E /* CenterButtonUp@2x.png */; };
		A2AB0D581644D5C60010271E /* Background.png in Resources */ = {isa = PBXBuildFile; fileRef = A2AB0D301644D5C60010271E /* Background.png */; };
		A2AB0D591644D5C60010271E /* Background@2x.png in Resources */ = {isa = PBXBuildFile; fileRef = A2AB0D311644D5C60010271E /* Background@2x.png */; };
		A2AB0D5A1644D5C60010271E /* SectionImage1.png in Resources */ = {isa = PBXBuildFile; fileRef = A2AB0D321644D5C60010271E /* SectionImage1.png */; };
		A2AB0D5B1644D5C60010271E /* SectionImage1@2x.png in Resources */ = {isa = PBXBuildFile; fileRef = A2AB0D331644D5C60010271E /* SectionImage1@2x.png */; };
		A2AB0D5C1644D5C60010271E /* SectionImage2.png in Resources */ = {isa = PBXBuildFile; fileRef = A2AB0D341644D5C60010271E /* SectionImage2.png */; };
		A2AB0D5D1644D5C60010271E /* SectionImage2@2x.png in Resources */ = {isa = PBXBuildFile; fileRef = A2AB0D351644D5C60010271E /* SectionImage2@2x.png */; };
		A2AB0D5E1644D5C60010271E /* SectionImage3.png in Resources */ = {isa = PBXBuildFile; fileRef = A2AB0D361644D5C60010271E /* SectionImage3.png */; };
		A2AB0D5F1644D5C60010271E /* SectionImage3@2x.png in Resources */ = {isa = PBXBuildFile; fileRef = A2AB0D371644D5C60010271E /* SectionImage3@2x.png */; };
		A2AB0D601644D5C60010271E /* SectionImage4.png in Resources */ = {isa = PBXBuildFile; fileRef = A2AB0D381644D5C60010271E /* SectionImage4.png */; };
		A2AB0D611644D5C60010271E /* SectionImage4@2x.png in Resources */ = {isa = PBXBuildFile; fileRef = A2AB0D391644D5C60010271E /* SectionImage4@2x.png */; };
		A2AB0D621644D5C60010271E /* SectionImage5.png in Resources */ = {isa = PBXBuildFile; fileRef = A2AB0D3A1644D5C60010271E /* SectionImage5.png */; };
		A2AB0D631644D5C60010271E /* SectionImage5@2x.png in Resources */ = {isa = PBXBuildFile; fileRef = A2AB0D3B1644D5C60010271E /* SectionImage5@2x.png */; };
		A2AB0D641644D5C60010271E /* SectionImage6.png in Resources */ = {isa = PBXBuildFile; fileRef = A2AB0D3C1644D5C60010271E /* SectionImage6.png */; };
		A2AB0D651644D5C60010271E /* SectionImage6@2x.png in Resources */ = {isa = PBXBuildFile; fileRef = A2AB0D3D1644D5C60010271E /* SectionImage6@2x.png */; };
		A2AB0D661644D5C60010271E /* SectionImage7.png in Resources */ = {isa = PBXBuildFile; fileRef = A2AB0D3E1644D5C60010271E /* SectionImage7.png */; };
		A2AB0D671644D5C60010271E /* SectionImage7@2x.png in Resources */ = {isa = PBXBuildFile; fileRef = A2AB0D3F1644D5C60010271E /* SectionImage7@2x.png */; };
		A2AB0D681644D5C60010271E /* SectionImage8.png in Resources */ = {isa = PBXBuildFile; fileRef = A2AB0D401644D5C60010271E /* SectionImage8.png */; };
		A2AB0D691644D5C60010271E /* SectionImage8@2x.png in Resources */ = {isa = PBXBuildFile; fileRef = A2AB0D411644D5C60010271E /* SectionImage8@2x.png */; };
		A2AB0D6A1644D5C60010271E /* SectionImageSelected1.png in Resources */ = {isa = PBXBuildFile; fileRef = A2AB0D421644D5C60010271E /* SectionImageSelected1.png */; };
		A2AB0D6B1644D5C60010271E /* SectionImageSelected1@2x.png in Resources */ = {isa = PBXBuildFile; fileRef = A2AB0D431644D5C60010271E /* SectionImageSelected1@2x.png */; };
		A2AB0D6C1644D5C60010271E /* SectionImageSelected2.png in Resources */ = {isa = PBXBuildFile; fileRef = A2AB0D441644D5C60010271E /* SectionImageSelected2.png */; };
		A2AB0D6D1644D5C60010271E /* SectionImageSelected2@2x.png in Resources */ = {isa = PBXBuildFile; fileRef = A2AB0D451644D5C60010271E /* SectionImageSelected2@2x.png */; };
		A2AB0D6E1644D5C60010271E /* SectionImageSelected3.png in Resources */ = {isa = PBXBuildFile; fileRef = A2AB0D461644D5C60010271E /* SectionImageSelected3.png */; };
		A2AB0D6F1644D5C60010271E /* SectionImageSelected3@2x.png in Resources */ = {isa = PBXBuildFile; fileRef = A2AB0D471644D5C60010271E /* SectionImageSelected3@2x.png */; };
		A2AB0D701644D5C60010271E /* SectionImageSelected4.png in Resources */ = {isa = PBXBuildFile; fileRef = A2AB0D481644D5C60010271E /* SectionImageSelected4.png */; };
		A2AB0D711644D5C60010271E /* SectionImageSelected4@2x.png in Resources */ = {isa = PBXBuildFile; fileRef = A2AB0D491644D5C60010271E /* SectionImageSelected4@2x.png */; };
		A2AB0D721644D5C60010271E /* SectionImageSelected5.png in Resources */ = {isa = PBXBuildFile; fileRef = A2AB0D4A1644D5C60010271E /* SectionImageSelected5.png */; };
		A2AB0D731644D5C60010271E /* SectionImageSelected5@2x.png in Resources */ = {isa = PBXBuildFile; fileRef = A2AB0D4B1644D5C60010271E /* SectionImageSelected5@2x.png */; };
		A2AB0D741644D5C60010271E /* SectionImageSelected6.png in Resources */ = {isa = PBXBuildFile; fileRef = A2AB0D4C1644D5C60010271E /* SectionImageSelected6.png */; };
		A2AB0D751644D5C60010271E /* SectionImageSelected6@2x.png in Resources */ = {isa = PBXBuildFile; fileRef = A2AB0D4D1644D5C60010271E /* SectionImageSelected6@2x.png */; };
		A2AB0D761644D5C60010271E /* SectionImageSelected7.png in Resources */ = {isa = PBXBuildFile; fileRef = A2AB0D4E1644D5C60010271E /* SectionImageSelected7.png */; };
		A2AB0D771644D5C60010271E /* SectionImageSelected7@2x.png in Resources */ = {isa = PBXBuildFile; fileRef = A2AB0D4F1644D5C60010271E /* SectionImageSelected7@2x.png */; };
		A2AB0D781644D5C60010271E /* SectionImageSelected8.png in Resources */ = {isa = PBXBuildFile; fileRef = A2AB0D501644D5C60010271E /* SectionImageSelected8.png */; };
		A2AB0D791644D5C60010271E /* SectionImageSelected8@2x.png in Resources */ = {isa = PBXBuildFile; fileRef = A2AB0D511644D5C60010271E /* SectionImageSelected8@2x.png */; };
		A2AB0D7A1644D5C60010271E /* section_marker.png in Resources */ = {isa = PBXBuildFile; fileRef = A2AB0D521644D5C60010271E /* section_marker.png */; };
		A2AB0D7B1644D5C60010271E /* section_marker@2x.png in Resources */ = {isa = PBXBuildFile; fileRef = A2AB0D531644D5C60010271E /* section_marker@2x.png */; };
		A2AB0D7E16456BAA0010271E /* RotatingIndicator.png in Resources */ = {isa = PBXBuildFile; fileRef = A2AB0D7C16456BAA0010271E /* RotatingIndicator.png */; };
		A2AB0D7F16456BAA0010271E /* RotatingIndicator@2x.png in Resources */ = {isa = PBXBuildFile; fileRef = A2AB0D7D16456BAA0010271E /* RotatingIndicator@2x.png */; };
		A2AB0D8316456CAB0010271E /* RotatingIndicatorDialViewController.m in Sources */ = {isa = PBXBuildFile; fileRef = A2AB0D8216456CAB0010271E /* RotatingIndicatorDialViewController.m */; };
		A2AB0D8616456FB90010271E /* RotatingIndicatorBackground.png in Resources */ = {isa = PBXBuildFile; fileRef = A2AB0D8416456FB90010271E /* RotatingIndicatorBackground.png */; };
		A2AB0D8716456FB90010271E /* RotatingIndicatorBackground@2x.png in Resources */ = {isa = PBXBuildFile; fileRef = A2AB0D8516456FB90010271E /* RotatingIndicatorBackground@2x.png */; };
/* End PBXBuildFile section */

/* Begin PBXFileReference section */
		A2437B3116477F04004358B7 /* documentation */ = {isa = PBXFileReference; lastKnownFileType = folder; path = documentation; sourceTree = "<group>"; };
		A2619C411644C8F000FA7815 /* DialControlProject.app */ = {isa = PBXFileReference; explicitFileType = wrapper.application; includeInIndex = 0; path = DialControlProject.app; sourceTree = BUILT_PRODUCTS_DIR; };
		A2619C451644C8F000FA7815 /* UIKit.framework */ = {isa = PBXFileReference; lastKnownFileType = wrapper.framework; name = UIKit.framework; path = System/Library/Frameworks/UIKit.framework; sourceTree = SDKROOT; };
		A2619C471644C8F000FA7815 /* Foundation.framework */ = {isa = PBXFileReference; lastKnownFileType = wrapper.framework; name = Foundation.framework; path = System/Library/Frameworks/Foundation.framework; sourceTree = SDKROOT; };
		A2619C491644C8F000FA7815 /* CoreGraphics.framework */ = {isa = PBXFileReference; lastKnownFileType = wrapper.framework; name = CoreGraphics.framework; path = System/Library/Frameworks/CoreGraphics.framework; sourceTree = SDKROOT; };
		A2619C4D1644C8F000FA7815 /* DialControlProject-Info.plist */ = {isa = PBXFileReference; lastKnownFileType = text.plist.xml; path = "DialControlProject-Info.plist"; sourceTree = "<group>"; };
		A2619C4F1644C8F000FA7815 /* en */ = {isa = PBXFileReference; lastKnownFileType = text.plist.strings; name = en; path = en.lproj/InfoPlist.strings; sourceTree = "<group>"; };
		A2619C511644C8F000FA7815 /* main.m */ = {isa = PBXFileReference; lastKnownFileType = sourcecode.c.objc; path = main.m; sourceTree = "<group>"; };
		A2619C531644C8F000FA7815 /* DialControlProject-Prefix.pch */ = {isa = PBXFileReference; lastKnownFileType = sourcecode.c.h; path = "DialControlProject-Prefix.pch"; sourceTree = "<group>"; };
		A2619C541644C8F000FA7815 /* AppDelegate.h */ = {isa = PBXFileReference; lastKnownFileType = sourcecode.c.h; path = AppDelegate.h; sourceTree = "<group>"; };
		A2619C551644C8F000FA7815 /* AppDelegate.m */ = {isa = PBXFileReference; lastKnownFileType = sourcecode.c.objc; path = AppDelegate.m; sourceTree = "<group>"; };
		A2619C571644C8F000FA7815 /* Default.png */ = {isa = PBXFileReference; lastKnownFileType = image.png; path = Default.png; sourceTree = "<group>"; };
		A2619C591644C8F000FA7815 /* Default@2x.png */ = {isa = PBXFileReference; lastKnownFileType = image.png; path = "Default@2x.png"; sourceTree = "<group>"; };
		A2619C5B1644C8F000FA7815 /* Default-568h@2x.png */ = {isa = PBXFileReference; lastKnownFileType = image.png; path = "Default-568h@2x.png"; sourceTree = "<group>"; };
		A2619C5E1644C8F000FA7815 /* en */ = {isa = PBXFileReference; lastKnownFileType = file.storyboard; name = en; path = en.lproj/MainStoryboard.storyboard; sourceTree = "<group>"; };
		A2619C601644C8F000FA7815 /* MasterViewController.h */ = {isa = PBXFileReference; lastKnownFileType = sourcecode.c.h; path = MasterViewController.h; sourceTree = "<group>"; };
		A2619C611644C8F000FA7815 /* MasterViewController.m */ = {isa = PBXFileReference; lastKnownFileType = sourcecode.c.objc; path = MasterViewController.m; sourceTree = "<group>"; };
		A2AB0D211644C9F00010271E /* FEDialControl.h */ = {isa = PBXFileReference; fileEncoding = 4; lastKnownFileType = sourcecode.c.h; path = FEDialControl.h; sourceTree = "<group>"; };
		A2AB0D221644C9F00010271E /* FEDialControl.m */ = {isa = PBXFileReference; fileEncoding = 4; lastKnownFileType = sourcecode.c.objc; path = FEDialControl.m; sourceTree = "<group>"; };
		A2AB0D231644C9F00010271E /* FEDialControlProtocol.h */ = {isa = PBXFileReference; fileEncoding = 4; lastKnownFileType = sourcecode.c.h; path = FEDialControlProtocol.h; sourceTree = "<group>"; };
		A2AB0D241644C9F00010271E /* FEDialControlSection.h */ = {isa = PBXFileReference; fileEncoding = 4; lastKnownFileType = sourcecode.c.h; path = FEDialControlSection.h; sourceTree = "<group>"; };
		A2AB0D251644C9F00010271E /* FEDialControlSection.m */ = {isa = PBXFileReference; fileEncoding = 4; lastKnownFileType = sourcecode.c.objc; path = FEDialControlSection.m; sourceTree = "<group>"; };
		A2AB0D281644D5440010271E /* StandardDialViewController.h */ = {isa = PBXFileReference; fileEncoding = 4; lastKnownFileType = sourcecode.c.h; path = StandardDialViewController.h; sourceTree = "<group>"; };
		A2AB0D291644D5440010271E /* StandardDialViewController.m */ = {isa = PBXFileReference; fileEncoding = 4; lastKnownFileType = sourcecode.c.objc; path = StandardDialViewController.m; sourceTree = "<group>"; };
		A2AB0D2C1644D5C60010271E /* CenterButtonDown.png */ = {isa = PBXFileReference; lastKnownFileType = image.png; path = CenterButtonDown.png; sourceTree = "<group>"; };
		A2AB0D2D1644D5C60010271E /* CenterButtonDown@2x.png */ = {isa = PBXFileReference; lastKnownFileType = image.png; path = "CenterButtonDown@2x.png"; sourceTree = "<group>"; };
		A2AB0D2E1644D5C60010271E /* CenterButtonUp.png */ = {isa = PBXFileReference; lastKnownFileType = image.png; path = CenterButtonUp.png; sourceTree = "<group>"; };
		A2AB0D2F1644D5C60010271E /* CenterButtonUp@2x.png */ = {isa = PBXFileReference; lastKnownFileType = image.png; path = "CenterButtonUp@2x.png"; sourceTree = "<group>"; };
		A2AB0D301644D5C60010271E /* Background.png */ = {isa = PBXFileReference; lastKnownFileType = image.png; path = Background.png; sourceTree = "<group>"; };
		A2AB0D311644D5C60010271E /* Background@2x.png */ = {isa = PBXFileReference; lastKnownFileType = image.png; path = "Background@2x.png"; sourceTree = "<group>"; };
		A2AB0D321644D5C60010271E /* SectionImage1.png */ = {isa = PBXFileReference; lastKnownFileType = image.png; path = SectionImage1.png; sourceTree = "<group>"; };
		A2AB0D331644D5C60010271E /* SectionImage1@2x.png */ = {isa = PBXFileReference; lastKnownFileType = image.png; path = "SectionImage1@2x.png"; sourceTree = "<group>"; };
		A2AB0D341644D5C60010271E /* SectionImage2.png */ = {isa = PBXFileReference; lastKnownFileType = image.png; path = SectionImage2.png; sourceTree = "<group>"; };
		A2AB0D351644D5C60010271E /* SectionImage2@2x.png */ = {isa = PBXFileReference; lastKnownFileType = image.png; path = "SectionImage2@2x.png"; sourceTree = "<group>"; };
		A2AB0D361644D5C60010271E /* SectionImage3.png */ = {isa = PBXFileReference; lastKnownFileType = image.png; path = SectionImage3.png; sourceTree = "<group>"; };
		A2AB0D371644D5C60010271E /* SectionImage3@2x.png */ = {isa = PBXFileReference; lastKnownFileType = image.png; path = "SectionImage3@2x.png"; sourceTree = "<group>"; };
		A2AB0D381644D5C60010271E /* SectionImage4.png */ = {isa = PBXFileReference; lastKnownFileType = image.png; path = SectionImage4.png; sourceTree = "<group>"; };
		A2AB0D391644D5C60010271E /* SectionImage4@2x.png */ = {isa = PBXFileReference; lastKnownFileType = image.png; path = "SectionImage4@2x.png"; sourceTree = "<group>"; };
		A2AB0D3A1644D5C60010271E /* SectionImage5.png */ = {isa = PBXFileReference; lastKnownFileType = image.png; path = SectionImage5.png; sourceTree = "<group>"; };
		A2AB0D3B1644D5C60010271E /* SectionImage5@2x.png */ = {isa = PBXFileReference; lastKnownFileType = image.png; path = "SectionImage5@2x.png"; sourceTree = "<group>"; };
		A2AB0D3C1644D5C60010271E /* SectionImage6.png */ = {isa = PBXFileReference; lastKnownFileType = image.png; path = SectionImage6.png; sourceTree = "<group>"; };
		A2AB0D3D1644D5C60010271E /* SectionImage6@2x.png */ = {isa = PBXFileReference; lastKnownFileType = image.png; path = "SectionImage6@2x.png"; sourceTree = "<group>"; };
		A2AB0D3E1644D5C60010271E /* SectionImage7.png */ = {isa = PBXFileReference; lastKnownFileType = image.png; path = SectionImage7.png; sourceTree = "<group>"; };
		A2AB0D3F1644D5C60010271E /* SectionImage7@2x.png */ = {isa = PBXFileReference; lastKnownFileType = image.png; path = "SectionImage7@2x.png"; sourceTree = "<group>"; };
		A2AB0D401644D5C60010271E /* SectionImage8.png */ = {isa = PBXFileReference; lastKnownFileType = image.png; path = SectionImage8.png; sourceTree = "<group>"; };
		A2AB0D411644D5C60010271E /* SectionImage8@2x.png */ = {isa = PBXFileReference; lastKnownFileType = image.png; path = "SectionImage8@2x.png"; sourceTree = "<group>"; };
		A2AB0D421644D5C60010271E /* SectionImageSelected1.png */ = {isa = PBXFileReference; lastKnownFileType = image.png; path = SectionImageSelected1.png; sourceTree = "<group>"; };
		A2AB0D431644D5C60010271E /* SectionImageSelected1@2x.png */ = {isa = PBXFileReference; lastKnownFileType = image.png; path = "SectionImageSelected1@2x.png"; sourceTree = "<group>"; };
		A2AB0D441644D5C60010271E /* SectionImageSelected2.png */ = {isa = PBXFileReference; lastKnownFileType = image.png; path = SectionImageSelected2.png; sourceTree = "<group>"; };
		A2AB0D451644D5C60010271E /* SectionImageSelected2@2x.png */ = {isa = PBXFileReference; lastKnownFileType = image.png; path = "SectionImageSelected2@2x.png"; sourceTree = "<group>"; };
		A2AB0D461644D5C60010271E /* SectionImageSelected3.png */ = {isa = PBXFileReference; lastKnownFileType = image.png; path = SectionImageSelected3.png; sourceTree = "<group>"; };
		A2AB0D471644D5C60010271E /* SectionImageSelected3@2x.png */ = {isa = PBXFileReference; lastKnownFileType = image.png; path = "SectionImageSelected3@2x.png"; sourceTree = "<group>"; };
		A2AB0D481644D5C60010271E /* SectionImageSelected4.png */ = {isa = PBXFileReference; lastKnownFileType = image.png; path = SectionImageSelected4.png; sourceTree = "<group>"; };
		A2AB0D491644D5C60010271E /* SectionImageSelected4@2x.png */ = {isa = PBXFileReference; lastKnownFileType = image.png; path = "SectionImageSelected4@2x.png"; sourceTree = "<group>"; };
		A2AB0D4A1644D5C60010271E /* SectionImageSelected5.png */ = {isa = PBXFileReference; lastKnownFileType = image.png; path = SectionImageSelected5.png; sourceTree = "<group>"; };
		A2AB0D4B1644D5C60010271E /* SectionImageSelected5@2x.png */ = {isa = PBXFileReference; lastKnownFileType = image.png; path = "SectionImageSelected5@2x.png"; sourceTree = "<group>"; };
		A2AB0D4C1644D5C60010271E /* SectionImageSelected6.png */ = {isa = PBXFileReference; lastKnownFileType = image.png; path = SectionImageSelected6.png; sourceTree = "<group>"; };
		A2AB0D4D1644D5C60010271E /* SectionImageSelected6@2x.png */ = {isa = PBXFileReference; lastKnownFileType = image.png; path = "SectionImageSelected6@2x.png"; sourceTree = "<group>"; };
		A2AB0D4E1644D5C60010271E /* SectionImageSelected7.png */ = {isa = PBXFileReference; lastKnownFileType = image.png; path = SectionImageSelected7.png; sourceTree = "<group>"; };
		A2AB0D4F1644D5C60010271E /* SectionImageSelected7@2x.png */ = {isa = PBXFileReference; lastKnownFileType = image.png; path = "SectionImageSelected7@2x.png"; sourceTree = "<group>"; };
		A2AB0D501644D5C60010271E /* SectionImageSelected8.png */ = {isa = PBXFileReference; lastKnownFileType = image.png; path = SectionImageSelected8.png; sourceTree = "<group>"; };
		A2AB0D511644D5C60010271E /* SectionImageSelected8@2x.png */ = {isa = PBXFileReference; lastKnownFileType = image.png; path = "SectionImageSelected8@2x.png"; sourceTree = "<group>"; };
		A2AB0D521644D5C60010271E /* section_marker.png */ = {isa = PBXFileReference; lastKnownFileType = image.png; path = section_marker.png; sourceTree = "<group>"; };
		A2AB0D531644D5C60010271E /* section_marker@2x.png */ = {isa = PBXFileReference; lastKnownFileType = image.png; path = "section_marker@2x.png"; sourceTree = "<group>"; };
		A2AB0D7C16456BAA0010271E /* RotatingIndicator.png */ = {isa = PBXFileReference; lastKnownFileType = image.png; path = RotatingIndicator.png; sourceTree = "<group>"; };
		A2AB0D7D16456BAA0010271E /* RotatingIndicator@2x.png */ = {isa = PBXFileReference; lastKnownFileType = image.png; path = "RotatingIndicator@2x.png"; sourceTree = "<group>"; };
		A2AB0D8116456CAB0010271E /* RotatingIndicatorDialViewController.h */ = {isa = PBXFileReference; fileEncoding = 4; lastKnownFileType = sourcecode.c.h; path = RotatingIndicatorDialViewController.h; sourceTree = "<group>"; };
		A2AB0D8216456CAB0010271E /* RotatingIndicatorDialViewController.m */ = {isa = PBXFileReference; fileEncoding = 4; lastKnownFileType = sourcecode.c.objc; path = RotatingIndicatorDialViewController.m; sourceTree = "<group>"; };
		A2AB0D8416456FB90010271E /* RotatingIndicatorBackground.png */ = {isa = PBXFileReference; lastKnownFileType = image.png; path = RotatingIndicatorBackground.png; sourceTree = "<group>"; };
		A2AB0D8516456FB90010271E /* RotatingIndicatorBackground@2x.png */ = {isa = PBXFileReference; lastKnownFileType = image.png; path = "RotatingIndicatorBackground@2x.png"; sourceTree = "<group>"; };
/* End PBXFileReference section */

/* Begin PBXFrameworksBuildPhase section */
		A2619C3E1644C8F000FA7815 /* Frameworks */ = {
			isa = PBXFrameworksBuildPhase;
			buildActionMask = 2147483647;
			files = (
				A2619C461644C8F000FA7815 /* UIKit.framework in Frameworks */,
				A2619C481644C8F000FA7815 /* Foundation.framework in Frameworks */,
				A2619C4A1644C8F000FA7815 /* CoreGraphics.framework in Frameworks */,
			);
			runOnlyForDeploymentPostprocessing = 0;
		};
/* End PBXFrameworksBuildPhase section */

/* Begin PBXGroup section */
		A2619C361644C8F000FA7815 = {
			isa = PBXGroup;
			children = (
				A2619C4B1644C8F000FA7815 /* DialControlProject */,
				A2AB0D1F1644C9C50010271E /* DialControl */,
				A2619C441644C8F000FA7815 /* Frameworks */,
				A2437B3116477F04004358B7 /* documentation */,
				A2619C421644C8F000FA7815 /* Products */,
			);
			sourceTree = "<group>";
		};
		A2619C421644C8F000FA7815 /* Products */ = {
			isa = PBXGroup;
			children = (
				A2619C411644C8F000FA7815 /* DialControlProject.app */,
			);
			name = Products;
			sourceTree = "<group>";
		};
		A2619C441644C8F000FA7815 /* Frameworks */ = {
			isa = PBXGroup;
			children = (
				A2619C451644C8F000FA7815 /* UIKit.framework */,
				A2619C471644C8F000FA7815 /* Foundation.framework */,
				A2619C491644C8F000FA7815 /* CoreGraphics.framework */,
			);
			name = Frameworks;
			sourceTree = "<group>";
		};
		A2619C4B1644C8F000FA7815 /* DialControlProject */ = {
			isa = PBXGroup;
			children = (
				A2619C541644C8F000FA7815 /* AppDelegate.h */,
				A2619C551644C8F000FA7815 /* AppDelegate.m */,
				A2619C5D1644C8F000FA7815 /* MainStoryboard.storyboard */,
				A2619C601644C8F000FA7815 /* MasterViewController.h */,
				A2619C611644C8F000FA7815 /* MasterViewController.m */,
				A2AB0D281644D5440010271E /* StandardDialViewController.h */,
				A2AB0D291644D5440010271E /* StandardDialViewController.m */,
				A2AB0D8116456CAB0010271E /* RotatingIndicatorDialViewController.h */,
				A2AB0D8216456CAB0010271E /* RotatingIndicatorDialViewController.m */,
				A2AB0D2B1644D5AA0010271E /* StandardDialGraphics */,
				A2AB0D8016456BB30010271E /* RotatingIndicatorGraphics */,
				A2619C4C1644C8F000FA7815 /* Supporting Files */,
			);
			path = DialControlProject;
			sourceTree = "<group>";
		};
		A2619C4C1644C8F000FA7815 /* Supporting Files */ = {
			isa = PBXGroup;
			children = (
				A2619C4D1644C8F000FA7815 /* DialControlProject-Info.plist */,
				A2619C4E1644C8F000FA7815 /* InfoPlist.strings */,
				A2619C511644C8F000FA7815 /* main.m */,
				A2619C531644C8F000FA7815 /* DialControlProject-Prefix.pch */,
				A2619C571644C8F000FA7815 /* Default.png */,
				A2619C591644C8F000FA7815 /* Default@2x.png */,
				A2619C5B1644C8F000FA7815 /* Default-568h@2x.png */,
			);
			name = "Supporting Files";
			sourceTree = "<group>";
		};
		A2AB0D1F1644C9C50010271E /* DialControl */ = {
			isa = PBXGroup;
			children = (
				A2AB0D211644C9F00010271E /* FEDialControl.h */,
				A2AB0D221644C9F00010271E /* FEDialControl.m */,
				A2AB0D231644C9F00010271E /* FEDialControlProtocol.h */,
				A2AB0D241644C9F00010271E /* FEDialControlSection.h */,
				A2AB0D251644C9F00010271E /* FEDialControlSection.m */,
			);
			name = DialControl;
			path = DialControlProject;
			sourceTree = "<group>";
		};
		A2AB0D2B1644D5AA0010271E /* StandardDialGraphics */ = {
			isa = PBXGroup;
			children = (
				A2AB0D2C1644D5C60010271E /* CenterButtonDown.png */,
				A2AB0D2D1644D5C60010271E /* CenterButtonDown@2x.png */,
				A2AB0D2E1644D5C60010271E /* CenterButtonUp.png */,
				A2AB0D2F1644D5C60010271E /* CenterButtonUp@2x.png */,
				A2AB0D301644D5C60010271E /* Background.png */,
				A2AB0D311644D5C60010271E /* Background@2x.png */,
				A2AB0D321644D5C60010271E /* SectionImage1.png */,
				A2AB0D331644D5C60010271E /* SectionImage1@2x.png */,
				A2AB0D341644D5C60010271E /* SectionImage2.png */,
				A2AB0D351644D5C60010271E /* SectionImage2@2x.png */,
				A2AB0D361644D5C60010271E /* SectionImage3.png */,
				A2AB0D371644D5C60010271E /* SectionImage3@2x.png */,
				A2AB0D381644D5C60010271E /* SectionImage4.png */,
				A2AB0D391644D5C60010271E /* SectionImage4@2x.png */,
				A2AB0D3A1644D5C60010271E /* SectionImage5.png */,
				A2AB0D3B1644D5C60010271E /* SectionImage5@2x.png */,
				A2AB0D3C1644D5C60010271E /* SectionImage6.png */,
				A2AB0D3D1644D5C60010271E /* SectionImage6@2x.png */,
				A2AB0D3E1644D5C60010271E /* SectionImage7.png */,
				A2AB0D3F1644D5C60010271E /* SectionImage7@2x.png */,
				A2AB0D401644D5C60010271E /* SectionImage8.png */,
				A2AB0D411644D5C60010271E /* SectionImage8@2x.png */,
				A2AB0D421644D5C60010271E /* SectionImageSelected1.png */,
				A2AB0D431644D5C60010271E /* SectionImageSelected1@2x.png */,
				A2AB0D441644D5C60010271E /* SectionImageSelected2.png */,
				A2AB0D451644D5C60010271E /* SectionImageSelected2@2x.png */,
				A2AB0D461644D5C60010271E /* SectionImageSelected3.png */,
				A2AB0D471644D5C60010271E /* SectionImageSelected3@2x.png */,
				A2AB0D481644D5C60010271E /* SectionImageSelected4.png */,
				A2AB0D491644D5C60010271E /* SectionImageSelected4@2x.png */,
				A2AB0D4A1644D5C60010271E /* SectionImageSelected5.png */,
				A2AB0D4B1644D5C60010271E /* SectionImageSelected5@2x.png */,
				A2AB0D4C1644D5C60010271E /* SectionImageSelected6.png */,
				A2AB0D4D1644D5C60010271E /* SectionImageSelected6@2x.png */,
				A2AB0D4E1644D5C60010271E /* SectionImageSelected7.png */,
				A2AB0D4F1644D5C60010271E /* SectionImageSelected7@2x.png */,
				A2AB0D501644D5C60010271E /* SectionImageSelected8.png */,
				A2AB0D511644D5C60010271E /* SectionImageSelected8@2x.png */,
				A2AB0D521644D5C60010271E /* section_marker.png */,
				A2AB0D531644D5C60010271E /* section_marker@2x.png */,
			);
			name = StandardDialGraphics;
			sourceTree = "<group>";
		};
		A2AB0D8016456BB30010271E /* RotatingIndicatorGraphics */ = {
			isa = PBXGroup;
			children = (
				A2AB0D8416456FB90010271E /* RotatingIndicatorBackground.png */,
				A2AB0D8516456FB90010271E /* RotatingIndicatorBackground@2x.png */,
				A2AB0D7C16456BAA0010271E /* RotatingIndicator.png */,
				A2AB0D7D16456BAA0010271E /* RotatingIndicator@2x.png */,
			);
			name = RotatingIndicatorGraphics;
			sourceTree = "<group>";
		};
/* End PBXGroup section */

/* Begin PBXNativeTarget section */
		A2619C401644C8F000FA7815 /* DialControlProject */ = {
			isa = PBXNativeTarget;
			buildConfigurationList = A2619C681644C8F000FA7815 /* Build configuration list for PBXNativeTarget "DialControlProject" */;
			buildPhases = (
				A2619C3D1644C8F000FA7815 /* Sources */,
				A2619C3E1644C8F000FA7815 /* Frameworks */,
				A2619C3F1644C8F000FA7815 /* Resources */,
			);
			buildRules = (
			);
			dependencies = (
			);
			name = DialControlProject;
			productName = DialControlProject;
			productReference = A2619C411644C8F000FA7815 /* DialControlProject.app */;
			productType = "com.apple.product-type.application";
		};
/* End PBXNativeTarget section */

/* Begin PBXProject section */
		A2619C381644C8F000FA7815 /* Project object */ = {
			isa = PBXProject;
			attributes = {
				LastUpgradeCheck = 0450;
				ORGANIZATIONNAME = "Brad Eaton";
			};
			buildConfigurationList = A2619C3B1644C8F000FA7815 /* Build configuration list for PBXProject "DialControlProject" */;
			compatibilityVersion = "Xcode 3.2";
			developmentRegion = English;
			hasScannedForEncodings = 0;
			knownRegions = (
				en,
			);
			mainGroup = A2619C361644C8F000FA7815;
			productRefGroup = A2619C421644C8F000FA7815 /* Products */;
			projectDirPath = "";
			projectRoot = "";
			targets = (
				A2619C401644C8F000FA7815 /* DialControlProject */,
			);
		};
/* End PBXProject section */

/* Begin PBXResourcesBuildPhase section */
		A2619C3F1644C8F000FA7815 /* Resources */ = {
			isa = PBXResourcesBuildPhase;
			buildActionMask = 2147483647;
			files = (
				A2619C501644C8F000FA7815 /* InfoPlist.strings in Resources */,
				A2619C581644C8F000FA7815 /* Default.png in Resources */,
				A2619C5A1644C8F000FA7815 /* Default@2x.png in Resources */,
				A2619C5C1644C8F000FA7815 /* Default-568h@2x.png in Resources */,
				A2619C5F1644C8F000FA7815 /* MainStoryboard.storyboard in Resources */,
				A2AB0D541644D5C60010271E /* CenterButtonDown.png in Resources */,
				A2AB0D551644D5C60010271E /* CenterButtonDown@2x.png in Resources */,
				A2AB0D561644D5C60010271E /* CenterButtonUp.png in Resources */,
				A2AB0D571644D5C60010271E /* CenterButtonUp@2x.png in Resources */,
				A2AB0D581644D5C60010271E /* Background.png in Resources */,
				A2AB0D591644D5C60010271E /* Background@2x.png in Resources */,
				A2AB0D5A1644D5C60010271E /* SectionImage1.png in Resources */,
				A2AB0D5B1644D5C60010271E /* SectionImage1@2x.png in Resources */,
				A2AB0D5C1644D5C60010271E /* SectionImage2.png in Resources */,
				A2AB0D5D1644D5C60010271E /* SectionImage2@2x.png in Resources */,
				A2AB0D5E1644D5C60010271E /* SectionImage3.png in Resources */,
				A2AB0D5F1644D5C60010271E /* SectionImage3@2x.png in Resources */,
				A2AB0D601644D5C60010271E /* SectionImage4.png in Resources */,
				A2AB0D611644D5C60010271E /* SectionImage4@2x.png in Resources */,
				A2AB0D621644D5C60010271E /* SectionImage5.png in Resources */,
				A2AB0D631644D5C60010271E /* SectionImage5@2x.png in Resources */,
				A2AB0D641644D5C60010271E /* SectionImage6.png in Resources */,
				A2AB0D651644D5C60010271E /* SectionImage6@2x.png in Resources */,
				A2AB0D661644D5C60010271E /* SectionImage7.png in Resources */,
				A2AB0D671644D5C60010271E /* SectionImage7@2x.png in Resources */,
				A2AB0D681644D5C60010271E /* SectionImage8.png in Resources */,
				A2AB0D691644D5C60010271E /* SectionImage8@2x.png in Resources */,
				A2AB0D6A1644D5C60010271E /* SectionImageSelected1.png in Resources */,
				A2AB0D6B1644D5C60010271E /* SectionImageSelected1@2x.png in Resources */,
				A2AB0D6C1644D5C60010271E /* SectionImageSelected2.png in Resources */,
				A2AB0D6D1644D5C60010271E /* SectionImageSelected2@2x.png in Resources */,
				A2AB0D6E1644D5C60010271E /* SectionImageSelected3.png in Resources */,
				A2AB0D6F1644D5C60010271E /* SectionImageSelected3@2x.png in Resources */,
				A2AB0D701644D5C60010271E /* SectionImageSelected4.png in Resources */,
				A2AB0D711644D5C60010271E /* SectionImageSelected4@2x.png in Resources */,
				A2AB0D721644D5C60010271E /* SectionImageSelected5.png in Resources */,
				A2AB0D731644D5C60010271E /* SectionImageSelected5@2x.png in Resources */,
				A2AB0D741644D5C60010271E /* SectionImageSelected6.png in Resources */,
				A2AB0D751644D5C60010271E /* SectionImageSelected6@2x.png in Resources */,
				A2AB0D761644D5C60010271E /* SectionImageSelected7.png in Resources */,
				A2AB0D771644D5C60010271E /* SectionImageSelected7@2x.png in Resources */,
				A2AB0D781644D5C60010271E /* SectionImageSelected8.png in Resources */,
				A2AB0D791644D5C60010271E /* SectionImageSelected8@2x.png in Resources */,
				A2AB0D7A1644D5C60010271E /* section_marker.png in Resources */,
				A2AB0D7B1644D5C60010271E /* section_marker@2x.png in Resources */,
				A2AB0D7E16456BAA0010271E /* RotatingIndicator.png in Resources */,
				A2AB0D7F16456BAA0010271E /* RotatingIndicator@2x.png in Resources */,
				A2AB0D8616456FB90010271E /* RotatingIndicatorBackground.png in Resources */,
				A2AB0D8716456FB90010271E /* RotatingIndicatorBackground@2x.png in Resources */,
				A2437B3216477F04004358B7 /* documentation in Resources */,
			);
			runOnlyForDeploymentPostprocessing = 0;
		};
/* End PBXResourcesBuildPhase section */

/* Begin PBXSourcesBuildPhase section */
		A2619C3D1644C8F000FA7815 /* Sources */ = {
			isa = PBXSourcesBuildPhase;
			buildActionMask = 2147483647;
			files = (
				A2619C521644C8F000FA7815 /* main.m in Sources */,
				A2619C561644C8F000FA7815 /* AppDelegate.m in Sources */,
				A2619C621644C8F000FA7815 /* MasterViewController.m in Sources */,
				A2AB0D261644C9F00010271E /* FEDialControl.m in Sources */,
				A2AB0D271644C9F00010271E /* FEDialControlSection.m in Sources */,
				A2AB0D2A1644D5440010271E /* StandardDialViewController.m in Sources */,
				A2AB0D8316456CAB0010271E /* RotatingIndicatorDialViewController.m in Sources */,
			);
			runOnlyForDeploymentPostprocessing = 0;
		};
/* End PBXSourcesBuildPhase section */

/* Begin PBXVariantGroup section */
		A2619C4E1644C8F000FA7815 /* InfoPlist.strings */ = {
			isa = PBXVariantGroup;
			children = (
				A2619C4F1644C8F000FA7815 /* en */,
			);
			name = InfoPlist.strings;
			sourceTree = "<group>";
		};
		A2619C5D1644C8F000FA7815 /* MainStoryboard.storyboard */ = {
			isa = PBXVariantGroup;
			children = (
				A2619C5E1644C8F000FA7815 /* en */,
			);
			name = MainStoryboard.storyboard;
			sourceTree = "<group>";
		};
/* End PBXVariantGroup section */

/* Begin XCBuildConfiguration section */
		A2619C661644C8F000FA7815 /* Debug */ = {
			isa = XCBuildConfiguration;
			buildSettings = {
				ALWAYS_SEARCH_USER_PATHS = NO;
				CLANG_CXX_LANGUAGE_STANDARD = "gnu++0x";
				CLANG_CXX_LIBRARY = "libc++";
				CLANG_ENABLE_OBJC_ARC = YES;
				CLANG_WARN_EMPTY_BODY = YES;
				CLANG_WARN__DUPLICATE_METHOD_MATCH = YES;
				"CODE_SIGN_IDENTITY[sdk=iphoneos*]" = "iPhone Developer";
				COPY_PHASE_STRIP = NO;
				GCC_C_LANGUAGE_STANDARD = gnu99;
				GCC_DYNAMIC_NO_PIC = NO;
				GCC_OPTIMIZATION_LEVEL = 0;
				GCC_PREPROCESSOR_DEFINITIONS = (
					"DEBUG=1",
					"$(inherited)",
				);
				GCC_SYMBOLS_PRIVATE_EXTERN = NO;
				GCC_WARN_ABOUT_RETURN_TYPE = YES;
				GCC_WARN_UNINITIALIZED_AUTOS = YES;
				GCC_WARN_UNUSED_VARIABLE = YES;
				IPHONEOS_DEPLOYMENT_TARGET = 6.0;
				ONLY_ACTIVE_ARCH = YES;
				SDKROOT = iphoneos;
			};
			name = Debug;
		};
		A2619C671644C8F000FA7815 /* Release */ = {
			isa = XCBuildConfiguration;
			buildSettings = {
				ALWAYS_SEARCH_USER_PATHS = NO;
				CLANG_CXX_LANGUAGE_STANDARD = "gnu++0x";
				CLANG_CXX_LIBRARY = "libc++";
				CLANG_ENABLE_OBJC_ARC = YES;
				CLANG_WARN_EMPTY_BODY = YES;
				CLANG_WARN__DUPLICATE_METHOD_MATCH = YES;
				"CODE_SIGN_IDENTITY[sdk=iphoneos*]" = "iPhone Developer";
				COPY_PHASE_STRIP = YES;
				GCC_C_LANGUAGE_STANDARD = gnu99;
				GCC_WARN_ABOUT_RETURN_TYPE = YES;
				GCC_WARN_UNINITIALIZED_AUTOS = YES;
				GCC_WARN_UNUSED_VARIABLE = YES;
				IPHONEOS_DEPLOYMENT_TARGET = 6.0;
				OTHER_CFLAGS = "-DNS_BLOCK_ASSERTIONS=1";
				SDKROOT = iphoneos;
				VALIDATE_PRODUCT = YES;
			};
			name = Release;
		};
		A2619C691644C8F000FA7815 /* Debug */ = {
			isa = XCBuildConfiguration;
			buildSettings = {
				GCC_PRECOMPILE_PREFIX_HEADER = YES;
				GCC_PREFIX_HEADER = "DialControlProject/DialControlProject-Prefix.pch";
				INFOPLIST_FILE = "DialControlProject/DialControlProject-Info.plist";
				PRODUCT_NAME = "$(TARGET_NAME)";
				WRAPPER_EXTENSION = app;
			};
			name = Debug;
		};
		A2619C6A1644C8F000FA7815 /* Release */ = {
			isa = XCBuildConfiguration;
			buildSettings = {
				GCC_PRECOMPILE_PREFIX_HEADER = YES;
				GCC_PREFIX_HEADER = "DialControlProject/DialControlProject-Prefix.pch";
				INFOPLIST_FILE = "DialControlProject/DialControlProject-Info.plist";
				PRODUCT_NAME = "$(TARGET_NAME)";
				WRAPPER_EXTENSION = app;
			};
			name = Release;
		};
/* End XCBuildConfiguration section */

/* Begin XCConfigurationList section */
		A2619C3B1644C8F000FA7815 /* Build configuration list for PBXProject "DialControlProject" */ = {
			isa = XCConfigurationList;
			buildConfigurations = (
				A2619C661644C8F000FA7815 /* Debug */,
				A2619C671644C8F000FA7815 /* Release */,
			);
			defaultConfigurationIsVisible = 0;
			defaultConfigurationName = Release;
		};
		A2619C681644C8F000FA7815 /* Build configuration list for PBXNativeTarget "DialControlProject" */ = {
			isa = XCConfigurationList;
			buildConfigurations = (
				A2619C691644C8F000FA7815 /* Debug */,
				A2619C6A1644C8F000FA7815 /* Release */,
			);
			defaultConfigurationIsVisible = 0;
			defaultConfigurationName = Release;
		};
/* End XCConfigurationList section */
	};
	rootObject = A2619C381644C8F000FA7815 /* Project object */;
}
